
Microsoft Visual Studio Solution File, Format Version 12.00
# Visual Studio Version 17
VisualStudioVersion = 17.11.35327.3
MinimumVisualStudioVersion = 10.0.40219.1
Project("{FAE04EC0-301F-11D3-BF4B-00C04F79EFBC}") = "H10Oef2DelenTryCatch", "H10Oef2DelenTryCatch\H10Oef2DelenTryCatch.csproj", "{C02EBD58-B944-4587-A266-071AC5F70D73}"
EndProject
Global
	GlobalSection(SolutionConfigurationPlatforms) = preSolution
		Debug|Any CPU = Debug|Any CPU
		Release|Any CPU = Release|Any CPU
	EndGlobalSection
	GlobalSection(ProjectConfigurationPlatforms) = postSolution
		{C02EBD58-B944-4587-A266-071AC5F70D73}.Debug|Any CPU.ActiveCfg = Debug|Any CPU
		{C02EBD58-B944-4587-A266-071AC5F70D73}.Debug|Any CPU.Build.0 = Debug|Any CPU
		{C02EBD58-B944-4587-A266-071AC5F70D73}.Release|Any CPU.ActiveCfg = Release|Any CPU
		{C02EBD58-B944-4587-A266-071AC5F70D73}.Release|Any CPU.Build.0 = Release|Any CPU
	EndGlobalSection
	GlobalSection(SolutionProperties) = preSolution
		HideSolutionNode = FALSE
	EndGlobalSection
	GlobalSection(ExtensibilityGlobals) = postSolution
		SolutionGuid = {8CD5995E-1181-49DF-92D7-29CE3E651563}
	EndGlobalSection
EndGlobal
